
Microsoft Visual Studio Solution File, Format Version 12.00
# Visual Studio Version 16
VisualStudioVersion = 16.0.28803.202
MinimumVisualStudioVersion = 10.0.40219.1
Project("{F184B08F-C81C-45F6-A57F-5ABD9991F28F}") = "STlib", "STlib.vbproj", "{F149D91E-4EA7-4B8B-9760-037A70F03592}"
EndProject
Project("{2150E333-8FDC-42A3-9474-1A3956D46DE8}") = "Solution Items", "Solution Items", "{5D422104-5ACC-4D20-9F57-B475EB5F4D66}"
	ProjectSection(SolutionItems) = preProject
		CrewTest.vb = CrewTest.vb
	EndProjectSection
EndProject
Global
	GlobalSection(SolutionConfigurationPlatforms) = preSolution
		Debug|Any CPU = Debug|Any CPU
		Release|Any CPU = Release|Any CPU
	EndGlobalSection
	GlobalSection(ProjectConfigurationPlatforms) = postSolution
		{F149D91E-4EA7-4B8B-9760-037A70F03592}.Debug|Any CPU.ActiveCfg = Debug|Any CPU
		{F149D91E-4EA7-4B8B-9760-037A70F03592}.Debug|Any CPU.Build.0 = Debug|Any CPU
		{F149D91E-4EA7-4B8B-9760-037A70F03592}.Release|Any CPU.ActiveCfg = Release|Any CPU
		{F149D91E-4EA7-4B8B-9760-037A70F03592}.Release|Any CPU.Build.0 = Release|Any CPU
	EndGlobalSection
	GlobalSection(SolutionProperties) = preSolution
		HideSolutionNode = FALSE
	EndGlobalSection
	GlobalSection(ExtensibilityGlobals) = postSolution
		SolutionGuid = {05259E0A-D5F2-4372-AB96-7541622A7028}
	EndGlobalSection
EndGlobal
